
Microsoft Visual Studio Solution File, Format Version 12.00
# Visual Studio Version 17
VisualStudioVersion = 17.13.35605.110
MinimumVisualStudioVersion = 10.0.40219.1
Project("{FAE04EC0-301F-11D3-BF4B-00C04F79EFBC}") = "WinFormsEFCoreApp", "WinFormsEFCoreApp.csproj", "{07C7BDB6-048F-4552-A942-98BB1FAF1753}"
EndProject
Project("{FAE04EC0-301F-11D3-BF4B-00C04F79EFBC}") = "MetricTest", "..\MetricTest\MetricTest.csproj", "{9CD63F9A-6A10-4917-906E-CCBFAE6E1861}"
EndProject
Global
	GlobalSection(SolutionConfigurationPlatforms) = preSolution
		Debug|Any CPU = Debug|Any CPU
		Release|Any CPU = Release|Any CPU
	EndGlobalSection
	GlobalSection(ProjectConfigurationPlatforms) = postSolution
		{07C7BDB6-048F-4552-A942-98BB1FAF1753}.Debug|Any CPU.ActiveCfg = Debug|Any CPU
		{07C7BDB6-048F-4552-A942-98BB1FAF1753}.Debug|Any CPU.Build.0 = Debug|Any CPU
		{07C7BDB6-048F-4552-A942-98BB1FAF1753}.Release|Any CPU.ActiveCfg = Release|Any CPU
		{07C7BDB6-048F-4552-A942-98BB1FAF1753}.Release|Any CPU.Build.0 = Release|Any CPU
		{9CD63F9A-6A10-4917-906E-CCBFAE6E1861}.Debug|Any CPU.ActiveCfg = Debug|Any CPU
		{9CD63F9A-6A10-4917-906E-CCBFAE6E1861}.Debug|Any CPU.Build.0 = Debug|Any CPU
		{9CD63F9A-6A10-4917-906E-CCBFAE6E1861}.Release|Any CPU.ActiveCfg = Release|Any CPU
		{9CD63F9A-6A10-4917-906E-CCBFAE6E1861}.Release|Any CPU.Build.0 = Release|Any CPU
	EndGlobalSection
	GlobalSection(SolutionProperties) = preSolution
		HideSolutionNode = FALSE
	EndGlobalSection
	GlobalSection(ExtensibilityGlobals) = postSolution
		SolutionGuid = {74D284AC-0EB6-41E1-AB55-C4487F21FEE9}
	EndGlobalSection
EndGlobal
